
Microsoft Visual Studio Solution File, Format Version 12.00
# Visual Studio Version 17
VisualStudioVersion = 17.8.34525.116
MinimumVisualStudioVersion = 10.0.40219.1
Project("{FAE04EC0-301F-11D3-BF4B-00C04F79EFBC}") = "EmployeeManagement.Server", "EmployeeManagement.Server\EmployeeManagement.Server.csproj", "{F46A75DE-DE0E-4AC7-8644-11552DA87ECD}"
EndProject
Project("{54A90642-561A-4BB1-A94E-469ADEE60C69}") = "employeemanagement.client", "employeemanagement.client\employeemanagement.client.esproj", "{D1B6ACDC-0711-4241-B99F-9A7C12F4892C}"
EndProject
Project("{FAE04EC0-301F-11D3-BF4B-00C04F79EFBC}") = "EmployeeManagement.Domain", "EmployeeManagement.Domain\EmployeeManagement.Domain.csproj", "{1B930E50-83F2-486D-BA9E-31D8211D5D0A}"
EndProject
Project("{FAE04EC0-301F-11D3-BF4B-00C04F79EFBC}") = "EmployeeManagement.Service", "EmployeeManagement.Service\EmployeeManagement.Service.csproj", "{8431EAC7-E785-4A57-BC1E-B914C328FF18}"
EndProject
Project("{FAE04EC0-301F-11D3-BF4B-00C04F79EFBC}") = "EmployeeManagement.Persistance", "EmployeeManagement.Persistance\EmployeeManagement.Persistance.csproj", "{5330385D-E210-4D52-96F0-4615C056FB5F}"
EndProject
Global
	GlobalSection(SolutionConfigurationPlatforms) = preSolution
		Debug|Any CPU = Debug|Any CPU
		Release|Any CPU = Release|Any CPU
	EndGlobalSection
	GlobalSection(ProjectConfigurationPlatforms) = postSolution
		{F46A75DE-DE0E-4AC7-8644-11552DA87ECD}.Debug|Any CPU.ActiveCfg = Debug|Any CPU
		{F46A75DE-DE0E-4AC7-8644-11552DA87ECD}.Debug|Any CPU.Build.0 = Debug|Any CPU
		{F46A75DE-DE0E-4AC7-8644-11552DA87ECD}.Release|Any CPU.ActiveCfg = Release|Any CPU
		{F46A75DE-DE0E-4AC7-8644-11552DA87ECD}.Release|Any CPU.Build.0 = Release|Any CPU
		{D1B6ACDC-0711-4241-B99F-9A7C12F4892C}.Debug|Any CPU.ActiveCfg = Debug|Any CPU
		{D1B6ACDC-0711-4241-B99F-9A7C12F4892C}.Debug|Any CPU.Build.0 = Debug|Any CPU
		{D1B6ACDC-0711-4241-B99F-9A7C12F4892C}.Debug|Any CPU.Deploy.0 = Debug|Any CPU
		{D1B6ACDC-0711-4241-B99F-9A7C12F4892C}.Release|Any CPU.ActiveCfg = Release|Any CPU
		{D1B6ACDC-0711-4241-B99F-9A7C12F4892C}.Release|Any CPU.Build.0 = Release|Any CPU
		{D1B6ACDC-0711-4241-B99F-9A7C12F4892C}.Release|Any CPU.Deploy.0 = Release|Any CPU
		{1B930E50-83F2-486D-BA9E-31D8211D5D0A}.Debug|Any CPU.ActiveCfg = Debug|Any CPU
		{1B930E50-83F2-486D-BA9E-31D8211D5D0A}.Debug|Any CPU.Build.0 = Debug|Any CPU
		{1B930E50-83F2-486D-BA9E-31D8211D5D0A}.Release|Any CPU.ActiveCfg = Release|Any CPU
		{1B930E50-83F2-486D-BA9E-31D8211D5D0A}.Release|Any CPU.Build.0 = Release|Any CPU
		{8431EAC7-E785-4A57-BC1E-B914C328FF18}.Debug|Any CPU.ActiveCfg = Debug|Any CPU
		{8431EAC7-E785-4A57-BC1E-B914C328FF18}.Debug|Any CPU.Build.0 = Debug|Any CPU
		{8431EAC7-E785-4A57-BC1E-B914C328FF18}.Release|Any CPU.ActiveCfg = Release|Any CPU
		{8431EAC7-E785-4A57-BC1E-B914C328FF18}.Release|Any CPU.Build.0 = Release|Any CPU
		{5330385D-E210-4D52-96F0-4615C056FB5F}.Debug|Any CPU.ActiveCfg = Debug|Any CPU
		{5330385D-E210-4D52-96F0-4615C056FB5F}.Debug|Any CPU.Build.0 = Debug|Any CPU
		{5330385D-E210-4D52-96F0-4615C056FB5F}.Release|Any CPU.ActiveCfg = Release|Any CPU
		{5330385D-E210-4D52-96F0-4615C056FB5F}.Release|Any CPU.Build.0 = Release|Any CPU
	EndGlobalSection
	GlobalSection(SolutionProperties) = preSolution
		HideSolutionNode = FALSE
	EndGlobalSection
	GlobalSection(ExtensibilityGlobals) = postSolution
		SolutionGuid = {F4C616D2-395B-4087-99AC-B263BADB0903}
	EndGlobalSection
EndGlobal
